
Microsoft Visual Studio Solution File, Format Version 12.00
# Visual Studio Version 17
VisualStudioVersion = 17.8.34330.188
MinimumVisualStudioVersion = 10.0.40219.1
Project("{FAE04EC0-301F-11D3-BF4B-00C04F79EFBC}") = "WpfApp1", "WpfApp1\WpfApp1.csproj", "{ABE0C6E9-F53F-499C-B466-68BEC12D22BE}"
EndProject
Global
	GlobalSection(SolutionConfigurationPlatforms) = preSolution
		Debug|Any CPU = Debug|Any CPU
		Release|Any CPU = Release|Any CPU
	EndGlobalSection
	GlobalSection(ProjectConfigurationPlatforms) = postSolution
		{ABE0C6E9-F53F-499C-B466-68BEC12D22BE}.Debug|Any CPU.ActiveCfg = Debug|Any CPU
		{ABE0C6E9-F53F-499C-B466-68BEC12D22BE}.Debug|Any CPU.Build.0 = Debug|Any CPU
		{ABE0C6E9-F53F-499C-B466-68BEC12D22BE}.Release|Any CPU.ActiveCfg = Release|Any CPU
		{ABE0C6E9-F53F-499C-B466-68BEC12D22BE}.Release|Any CPU.Build.0 = Release|Any CPU
	EndGlobalSection
	GlobalSection(SolutionProperties) = preSolution
		HideSolutionNode = FALSE
	EndGlobalSection
	GlobalSection(ExtensibilityGlobals) = postSolution
		SolutionGuid = {0D235471-642F-4CF5-867C-BD39821337FD}
	EndGlobalSection
EndGlobal
